
Microsoft Visual Studio Solution File, Format Version 12.00
# Visual Studio Version 17
VisualStudioVersion = 17.3.32929.385
MinimumVisualStudioVersion = 10.0.40219.1
Project("{9A19103F-16F7-4668-BE54-9A1E7A4F7556}") = "Hours-And-Minutes", "src\Hours-And-Minutes.csproj", "{0F410CE1-190F-4469-ABF6-86D8D487B681}"
EndProject
Project("{9A19103F-16F7-4668-BE54-9A1E7A4F7556}") = "Hours-And-Minutes.Tests", "Hours-And-Minutes.Tests\Hours-And-Minutes.Tests.csproj", "{CEC25923-AC2C-42EC-82A8-CC3C2642B5A9}"
EndProject
Global
	GlobalSection(SolutionConfigurationPlatforms) = preSolution
		Debug|Any CPU = Debug|Any CPU
		Release|Any CPU = Release|Any CPU
	EndGlobalSection
	GlobalSection(ProjectConfigurationPlatforms) = postSolution
		{0F410CE1-190F-4469-ABF6-86D8D487B681}.Debug|Any CPU.ActiveCfg = Debug|Any CPU
		{0F410CE1-190F-4469-ABF6-86D8D487B681}.Debug|Any CPU.Build.0 = Debug|Any CPU
		{0F410CE1-190F-4469-ABF6-86D8D487B681}.Release|Any CPU.ActiveCfg = Release|Any CPU
		{0F410CE1-190F-4469-ABF6-86D8D487B681}.Release|Any CPU.Build.0 = Release|Any CPU
		{CEC25923-AC2C-42EC-82A8-CC3C2642B5A9}.Debug|Any CPU.ActiveCfg = Debug|Any CPU
		{CEC25923-AC2C-42EC-82A8-CC3C2642B5A9}.Debug|Any CPU.Build.0 = Debug|Any CPU
		{CEC25923-AC2C-42EC-82A8-CC3C2642B5A9}.Release|Any CPU.ActiveCfg = Release|Any CPU
		{CEC25923-AC2C-42EC-82A8-CC3C2642B5A9}.Release|Any CPU.Build.0 = Release|Any CPU
	EndGlobalSection
	GlobalSection(SolutionProperties) = preSolution
		HideSolutionNode = FALSE
	EndGlobalSection
	GlobalSection(ExtensibilityGlobals) = postSolution
		SolutionGuid = {BA502C56-3D01-48A2-8E31-A8CE1B2E4171}
	EndGlobalSection
EndGlobal
